// !$*UTF8*$!
{
	archiveVersion = 1;
	classes = {
	};
	objectVersion = 56;
	objects = {

/* Begin PBXBuildFile section */
		04381F4A2AF0A6C900294426 /* AyahListView.swift in Sources */ = {isa = PBXBuildFile; fileRef = 04381F492AF0A6C900294426 /* AyahListView.swift */; };
		04381F4E2AF0A9AB00294426 /* AyahListCell.swift in Sources */ = {isa = PBXBuildFile; fileRef = 04381F4D2AF0A9AB00294426 /* AyahListCell.swift */; };
		047F8E0B2AE28FC7009572CF /* QuranApp_SwiftUIApp.swift in Sources */ = {isa = PBXBuildFile; fileRef = 047F8E0A2AE28FC7009572CF /* QuranApp_SwiftUIApp.swift */; };
		047F8E0D2AE28FC7009572CF /* QuranAppTabView.swift in Sources */ = {isa = PBXBuildFile; fileRef = 047F8E0C2AE28FC7009572CF /* QuranAppTabView.swift */; };
		047F8E112AE28FC8009572CF /* Assets.xcassets in Resources */ = {isa = PBXBuildFile; fileRef = 047F8E102AE28FC8009572CF /* Assets.xcassets */; };
		047F8E142AE28FC8009572CF /* Preview Assets.xcassets in Resources */ = {isa = PBXBuildFile; fileRef = 047F8E132AE28FC8009572CF /* Preview Assets.xcassets */; };
		047F8E1F2AE2917C009572CF /* SurahsListViewView.swift in Sources */ = {isa = PBXBuildFile; fileRef = 047F8E1E2AE2917C009572CF /* SurahsListViewView.swift */; };
		047F8E212AE291A7009572CF /* LessonsList_View.swift in Sources */ = {isa = PBXBuildFile; fileRef = 047F8E202AE291A7009572CF /* LessonsList_View.swift */; };
		04CE92252AE58805005F0FAC /* DataModel.swift in Sources */ = {isa = PBXBuildFile; fileRef = 04CE92242AE58805005F0FAC /* DataModel.swift */; };
		04CE92282AE58BAB005F0FAC /* APError.swift in Sources */ = {isa = PBXBuildFile; fileRef = 04CE92272AE58BAB005F0FAC /* APError.swift */; };
		04CE922A2AE58BB6005F0FAC /* Alert.swift in Sources */ = {isa = PBXBuildFile; fileRef = 04CE92292AE58BB6005F0FAC /* Alert.swift */; };
		04CE922E2AE98AEC005F0FAC /* NetworkManager.swift in Sources */ = {isa = PBXBuildFile; fileRef = 04CE922D2AE98AEC005F0FAC /* NetworkManager.swift */; };
		04CE92312AEA6103005F0FAC /* SurahListCell.swift in Sources */ = {isa = PBXBuildFile; fileRef = 04CE92302AEA6103005F0FAC /* SurahListCell.swift */; };
		04CE92362AEA66E9005F0FAC /* SurahListViewModel.swift in Sources */ = {isa = PBXBuildFile; fileRef = 04CE92352AEA66E9005F0FAC /* SurahListViewModel.swift */; };
		04CE92392AEA6B8F005F0FAC /* ActivityIndicator.swift in Sources */ = {isa = PBXBuildFile; fileRef = 04CE92382AEA6B8F005F0FAC /* ActivityIndicator.swift */; };
		04CE923B2AEA6BC9005F0FAC /* Collors+Ext.swift in Sources */ = {isa = PBXBuildFile; fileRef = 04CE923A2AEA6BC9005F0FAC /* Collors+Ext.swift */; };
/* End PBXBuildFile section */

/* Begin PBXFileReference section */
		04381F492AF0A6C900294426 /* AyahListView.swift */ = {isa = PBXFileReference; lastKnownFileType = sourcecode.swift; path = AyahListView.swift; sourceTree = "<group>"; };
		04381F4D2AF0A9AB00294426 /* AyahListCell.swift */ = {isa = PBXFileReference; lastKnownFileType = sourcecode.swift; path = AyahListCell.swift; sourceTree = "<group>"; };
		047F8E072AE28FC7009572CF /* QuranApp_SwiftUI.app */ = {isa = PBXFileReference; explicitFileType = wrapper.application; includeInIndex = 0; path = QuranApp_SwiftUI.app; sourceTree = BUILT_PRODUCTS_DIR; };
		047F8E0A2AE28FC7009572CF /* QuranApp_SwiftUIApp.swift */ = {isa = PBXFileReference; lastKnownFileType = sourcecode.swift; path = QuranApp_SwiftUIApp.swift; sourceTree = "<group>"; };
		047F8E0C2AE28FC7009572CF /* QuranAppTabView.swift */ = {isa = PBXFileReference; lastKnownFileType = sourcecode.swift; path = QuranAppTabView.swift; sourceTree = "<group>"; };
		047F8E102AE28FC8009572CF /* Assets.xcassets */ = {isa = PBXFileReference; lastKnownFileType = folder.assetcatalog; path = Assets.xcassets; sourceTree = "<group>"; };
		047F8E132AE28FC8009572CF /* Preview Assets.xcassets */ = {isa = PBXFileReference; lastKnownFileType = folder.assetcatalog; path = "Preview Assets.xcassets"; sourceTree = "<group>"; };
		047F8E1E2AE2917C009572CF /* SurahsListViewView.swift */ = {isa = PBXFileReference; lastKnownFileType = sourcecode.swift; path = SurahsListViewView.swift; sourceTree = "<group>"; };
		047F8E202AE291A7009572CF /* LessonsList_View.swift */ = {isa = PBXFileReference; lastKnownFileType = sourcecode.swift; path = LessonsList_View.swift; sourceTree = "<group>"; };
		04CE92242AE58805005F0FAC /* DataModel.swift */ = {isa = PBXFileReference; lastKnownFileType = sourcecode.swift; path = DataModel.swift; sourceTree = "<group>"; };
		04CE92272AE58BAB005F0FAC /* APError.swift */ = {isa = PBXFileReference; lastKnownFileType = sourcecode.swift; path = APError.swift; sourceTree = "<group>"; };
		04CE92292AE58BB6005F0FAC /* Alert.swift */ = {isa = PBXFileReference; lastKnownFileType = sourcecode.swift; path = Alert.swift; sourceTree = "<group>"; };
		04CE922D2AE98AEC005F0FAC /* NetworkManager.swift */ = {isa = PBXFileReference; lastKnownFileType = sourcecode.swift; path = NetworkManager.swift; sourceTree = "<group>"; };
		04CE92302AEA6103005F0FAC /* SurahListCell.swift */ = {isa = PBXFileReference; lastKnownFileType = sourcecode.swift; path = SurahListCell.swift; sourceTree = "<group>"; };
		04CE92352AEA66E9005F0FAC /* SurahListViewModel.swift */ = {isa = PBXFileReference; lastKnownFileType = sourcecode.swift; path = SurahListViewModel.swift; sourceTree = "<group>"; };
		04CE92382AEA6B8F005F0FAC /* ActivityIndicator.swift */ = {isa = PBXFileReference; lastKnownFileType = sourcecode.swift; path = ActivityIndicator.swift; sourceTree = "<group>"; };
		04CE923A2AEA6BC9005F0FAC /* Collors+Ext.swift */ = {isa = PBXFileReference; lastKnownFileType = sourcecode.swift; path = "Collors+Ext.swift"; sourceTree = "<group>"; };
/* End PBXFileReference section */

/* Begin PBXFrameworksBuildPhase section */
		047F8E042AE28FC7009572CF /* Frameworks */ = {
			isa = PBXFrameworksBuildPhase;
			buildActionMask = 2147483647;
			files = (
			);
			runOnlyForDeploymentPostprocessing = 0;
		};
/* End PBXFrameworksBuildPhase section */

/* Begin PBXGroup section */
		04381F482AF0A68A00294426 /* AyahListView */ = {
			isa = PBXGroup;
			children = (
				04381F492AF0A6C900294426 /* AyahListView.swift */,
			);
			path = AyahListView;
			sourceTree = "<group>";
		};
		047F8DFE2AE28FC7009572CF = {
			isa = PBXGroup;
			children = (
				047F8E092AE28FC7009572CF /* QuranApp_SwiftUI */,
				047F8E082AE28FC7009572CF /* Products */,
			);
			sourceTree = "<group>";
		};
		047F8E082AE28FC7009572CF /* Products */ = {
			isa = PBXGroup;
			children = (
				047F8E072AE28FC7009572CF /* QuranApp_SwiftUI.app */,
			);
			name = Products;
			sourceTree = "<group>";
		};
		047F8E092AE28FC7009572CF /* QuranApp_SwiftUI */ = {
			isa = PBXGroup;
			children = (
				047F8E1D2AE290B5009572CF /* Model */,
				047F8E1C2AE290A9009572CF /* Utilities */,
				047F8E1B2AE29098009572CF /* Views */,
				047F8E1A2AE29089009572CF /* Screens */,
				047F8E0A2AE28FC7009572CF /* QuranApp_SwiftUIApp.swift */,
				047F8E102AE28FC8009572CF /* Assets.xcassets */,
				047F8E122AE28FC8009572CF /* Preview Content */,
			);
			path = QuranApp_SwiftUI;
			sourceTree = "<group>";
		};
		047F8E122AE28FC8009572CF /* Preview Content */ = {
			isa = PBXGroup;
			children = (
				047F8E132AE28FC8009572CF /* Preview Assets.xcassets */,
			);
			path = "Preview Content";
			sourceTree = "<group>";
		};
		047F8E1A2AE29089009572CF /* Screens */ = {
			isa = PBXGroup;
			children = (
				047F8E0C2AE28FC7009572CF /* QuranAppTabView.swift */,
				04CE92322AEA65DB005F0FAC /* SurahsListViewView.swift */,
				04381F482AF0A68A00294426 /* AyahListView */,
				04CE92332AEA6602005F0FAC /* LessonsListView */,
			);
			path = Screens;
			sourceTree = "<group>";
		};
		047F8E1B2AE29098009572CF /* Views */ = {
			isa = PBXGroup;
			children = (
				04CE92372AEA6B66005F0FAC /* UIKitComponents */,
				04CE922F2AEA60EE005F0FAC /* Cells */,
			);
			path = Views;
			sourceTree = "<group>";
		};
		047F8E1C2AE290A9009572CF /* Utilities */ = {
			isa = PBXGroup;
			children = (
				04CE92262AE58B81005F0FAC /* Alerts */,
				04CE922B2AE98A8F005F0FAC /* Extentions */,
				04CE922C2AE98AC9005F0FAC /* Manager */,
			);
			path = Utilities;
			sourceTree = "<group>";
		};
		047F8E1D2AE290B5009572CF /* Model */ = {
			isa = PBXGroup;
			children = (
				04CE92242AE58805005F0FAC /* DataModel.swift */,
			);
			path = Model;
			sourceTree = "<group>";
		};
		04CE92262AE58B81005F0FAC /* Alerts */ = {
			isa = PBXGroup;
			children = (
				04CE92272AE58BAB005F0FAC /* APError.swift */,
				04CE92292AE58BB6005F0FAC /* Alert.swift */,
			);
			path = Alerts;
			sourceTree = "<group>";
		};
		04CE922B2AE98A8F005F0FAC /* Extentions */ = {
			isa = PBXGroup;
			children = (
				04CE923A2AEA6BC9005F0FAC /* Collors+Ext.swift */,
			);
			path = Extentions;
			sourceTree = "<group>";
		};
		04CE922C2AE98AC9005F0FAC /* Manager */ = {
			isa = PBXGroup;
			children = (
				04CE922D2AE98AEC005F0FAC /* NetworkManager.swift */,
			);
			path = Manager;
			sourceTree = "<group>";
		};
		04CE922F2AEA60EE005F0FAC /* Cells */ = {
			isa = PBXGroup;
			children = (
				04CE92302AEA6103005F0FAC /* SurahListCell.swift */,
				04381F4D2AF0A9AB00294426 /* AyahListCell.swift */,
			);
			path = Cells;
			sourceTree = "<group>";
		};
		04CE92322AEA65DB005F0FAC /* SurahsListViewView.swift */ = {
			isa = PBXGroup;
			children = (
				04CE92352AEA66E9005F0FAC /* SurahListViewModel.swift */,
				047F8E1E2AE2917C009572CF /* SurahsListViewView.swift */,
			);
			path = SurahsListViewView.swift;
			sourceTree = "<group>";
		};
		04CE92332AEA6602005F0FAC /* LessonsListView */ = {
			isa = PBXGroup;
			children = (
				047F8E202AE291A7009572CF /* LessonsList_View.swift */,
			);
			path = LessonsListView;
			sourceTree = "<group>";
		};
		04CE92372AEA6B66005F0FAC /* UIKitComponents */ = {
			isa = PBXGroup;
			children = (
				04CE92382AEA6B8F005F0FAC /* ActivityIndicator.swift */,
			);
			path = UIKitComponents;
			sourceTree = "<group>";
		};
/* End PBXGroup section */

/* Begin PBXNativeTarget section */
		047F8E062AE28FC7009572CF /* QuranApp_SwiftUI */ = {
			isa = PBXNativeTarget;
			buildConfigurationList = 047F8E172AE28FC8009572CF /* Build configuration list for PBXNativeTarget "QuranApp_SwiftUI" */;
			buildPhases = (
				047F8E032AE28FC7009572CF /* Sources */,
				047F8E042AE28FC7009572CF /* Frameworks */,
				047F8E052AE28FC7009572CF /* Resources */,
			);
			buildRules = (
			);
			dependencies = (
			);
			name = QuranApp_SwiftUI;
			productName = QuranApp_SwiftUI;
			productReference = 047F8E072AE28FC7009572CF /* QuranApp_SwiftUI.app */;
			productType = "com.apple.product-type.application";
		};
/* End PBXNativeTarget section */

/* Begin PBXProject section */
		047F8DFF2AE28FC7009572CF /* Project object */ = {
			isa = PBXProject;
			attributes = {
				BuildIndependentTargetsInParallel = 1;
				LastSwiftUpdateCheck = 1500;
				LastUpgradeCheck = 1500;
				TargetAttributes = {
					047F8E062AE28FC7009572CF = {
						CreatedOnToolsVersion = 15.0;
					};
				};
			};
			buildConfigurationList = 047F8E022AE28FC7009572CF /* Build configuration list for PBXProject "QuranApp_SwiftUI" */;
			compatibilityVersion = "Xcode 14.0";
			developmentRegion = en;
			hasScannedForEncodings = 0;
			knownRegions = (
				en,
				Base,
			);
			mainGroup = 047F8DFE2AE28FC7009572CF;
			productRefGroup = 047F8E082AE28FC7009572CF /* Products */;
			projectDirPath = "";
			projectRoot = "";
			targets = (
				047F8E062AE28FC7009572CF /* QuranApp_SwiftUI */,
			);
		};
/* End PBXProject section */

/* Begin PBXResourcesBuildPhase section */
		047F8E052AE28FC7009572CF /* Resources */ = {
			isa = PBXResourcesBuildPhase;
			buildActionMask = 2147483647;
			files = (
				047F8E142AE28FC8009572CF /* Preview Assets.xcassets in Resources */,
				047F8E112AE28FC8009572CF /* Assets.xcassets in Resources */,
			);
			runOnlyForDeploymentPostprocessing = 0;
		};
/* End PBXResourcesBuildPhase section */

/* Begin PBXSourcesBuildPhase section */
		047F8E032AE28FC7009572CF /* Sources */ = {
			isa = PBXSourcesBuildPhase;
			buildActionMask = 2147483647;
			files = (
				04CE92252AE58805005F0FAC /* DataModel.swift in Sources */,
				04CE92282AE58BAB005F0FAC /* APError.swift in Sources */,
				04CE923B2AEA6BC9005F0FAC /* Collors+Ext.swift in Sources */,
				04CE92312AEA6103005F0FAC /* SurahListCell.swift in Sources */,
				04381F4E2AF0A9AB00294426 /* AyahListCell.swift in Sources */,
				047F8E1F2AE2917C009572CF /* SurahsListViewView.swift in Sources */,
				04CE92362AEA66E9005F0FAC /* SurahListViewModel.swift in Sources */,
				04CE92392AEA6B8F005F0FAC /* ActivityIndicator.swift in Sources */,
				047F8E0D2AE28FC7009572CF /* QuranAppTabView.swift in Sources */,
				04CE922E2AE98AEC005F0FAC /* NetworkManager.swift in Sources */,
				047F8E212AE291A7009572CF /* LessonsList_View.swift in Sources */,
				04381F4A2AF0A6C900294426 /* AyahListView.swift in Sources */,
				047F8E0B2AE28FC7009572CF /* QuranApp_SwiftUIApp.swift in Sources */,
				04CE922A2AE58BB6005F0FAC /* Alert.swift in Sources */,
			);
			runOnlyForDeploymentPostprocessing = 0;
		};
/* End PBXSourcesBuildPhase section */

/* Begin XCBuildConfiguration section */
		047F8E152AE28FC8009572CF /* Debug */ = {
			isa = XCBuildConfiguration;
			buildSettings = {
				ALWAYS_SEARCH_USER_PATHS = NO;
				ASSETCATALOG_COMPILER_GENERATE_SWIFT_ASSET_SYMBOL_EXTENSIONS = YES;
				CLANG_ANALYZER_NONNULL = YES;
				CLANG_ANALYZER_NUMBER_OBJECT_CONVERSION = YES_AGGRESSIVE;
				CLANG_CXX_LANGUAGE_STANDARD = "gnu++20";
				CLANG_ENABLE_MODULES = YES;
				CLANG_ENABLE_OBJC_ARC = YES;
				CLANG_ENABLE_OBJC_WEAK = YES;
				CLANG_WARN_BLOCK_CAPTURE_AUTORELEASING = YES;
				CLANG_WARN_BOOL_CONVERSION = YES;
				CLANG_WARN_COMMA = YES;
				CLANG_WARN_CONSTANT_CONVERSION = YES;
				CLANG_WARN_DEPRECATED_OBJC_IMPLEMENTATIONS = YES;
				CLANG_WARN_DIRECT_OBJC_ISA_USAGE = YES_ERROR;
				CLANG_WARN_DOCUMENTATION_COMMENTS = YES;
				CLANG_WARN_EMPTY_BODY = YES;
				CLANG_WARN_ENUM_CONVERSION = YES;
				CLANG_WARN_INFINITE_RECURSION = YES;
				CLANG_WARN_INT_CONVERSION = YES;
				CLANG_WARN_NON_LITERAL_NULL_CONVERSION = YES;
				CLANG_WARN_OBJC_IMPLICIT_RETAIN_SELF = YES;
				CLANG_WARN_OBJC_LITERAL_CONVERSION = YES;
				CLANG_WARN_OBJC_ROOT_CLASS = YES_ERROR;
				CLANG_WARN_QUOTED_INCLUDE_IN_FRAMEWORK_HEADER = YES;
				CLANG_WARN_RANGE_LOOP_ANALYSIS = YES;
				CLANG_WARN_STRICT_PROTOTYPES = YES;
				CLANG_WARN_SUSPICIOUS_MOVE = YES;
				CLANG_WARN_UNGUARDED_AVAILABILITY = YES_AGGRESSIVE;
				CLANG_WARN_UNREACHABLE_CODE = YES;
				CLANG_WARN__DUPLICATE_METHOD_MATCH = YES;
				COPY_PHASE_STRIP = NO;
				DEBUG_INFORMATION_FORMAT = dwarf;
				ENABLE_STRICT_OBJC_MSGSEND = YES;
				ENABLE_TESTABILITY = YES;
				ENABLE_USER_SCRIPT_SANDBOXING = YES;
				GCC_C_LANGUAGE_STANDARD = gnu17;
				GCC_DYNAMIC_NO_PIC = NO;
				GCC_NO_COMMON_BLOCKS = YES;
				GCC_OPTIMIZATION_LEVEL = 0;
				GCC_PREPROCESSOR_DEFINITIONS = (
					"DEBUG=1",
					"$(inherited)",
				);
				GCC_WARN_64_TO_32_BIT_CONVERSION = YES;
				GCC_WARN_ABOUT_RETURN_TYPE = YES_ERROR;
				GCC_WARN_UNDECLARED_SELECTOR = YES;
				GCC_WARN_UNINITIALIZED_AUTOS = YES_AGGRESSIVE;
				GCC_WARN_UNUSED_FUNCTION = YES;
				GCC_WARN_UNUSED_VARIABLE = YES;
				IPHONEOS_DEPLOYMENT_TARGET = 17.0;
				LOCALIZATION_PREFERS_STRING_CATALOGS = YES;
				MTL_ENABLE_DEBUG_INFO = INCLUDE_SOURCE;
				MTL_FAST_MATH = YES;
				ONLY_ACTIVE_ARCH = YES;
				SDKROOT = iphoneos;
				SWIFT_ACTIVE_COMPILATION_CONDITIONS = "DEBUG $(inherited)";
				SWIFT_OPTIMIZATION_LEVEL = "-Onone";
			};
			name = Debug;
		};
		047F8E162AE28FC8009572CF /* Release */ = {
			isa = XCBuildConfiguration;
			buildSettings = {
				ALWAYS_SEARCH_USER_PATHS = NO;
				ASSETCATALOG_COMPILER_GENERATE_SWIFT_ASSET_SYMBOL_EXTENSIONS = YES;
				CLANG_ANALYZER_NONNULL = YES;
				CLANG_ANALYZER_NUMBER_OBJECT_CONVERSION = YES_AGGRESSIVE;
				CLANG_CXX_LANGUAGE_STANDARD = "gnu++20";
				CLANG_ENABLE_MODULES = YES;
				CLANG_ENABLE_OBJC_ARC = YES;
				CLANG_ENABLE_OBJC_WEAK = YES;
				CLANG_WARN_BLOCK_CAPTURE_AUTORELEASING = YES;
				CLANG_WARN_BOOL_CONVERSION = YES;
				CLANG_WARN_COMMA = YES;
				CLANG_WARN_CONSTANT_CONVERSION = YES;
				CLANG_WARN_DEPRECATED_OBJC_IMPLEMENTATIONS = YES;
				CLANG_WARN_DIRECT_OBJC_ISA_USAGE = YES_ERROR;
				CLANG_WARN_DOCUMENTATION_COMMENTS = YES;
				CLANG_WARN_EMPTY_BODY = YES;
				CLANG_WARN_ENUM_CONVERSION = YES;
				CLANG_WARN_INFINITE_RECURSION = YES;
				CLANG_WARN_INT_CONVERSION = YES;
				CLANG_WARN_NON_LITERAL_NULL_CONVERSION = YES;
				CLANG_WARN_OBJC_IMPLICIT_RETAIN_SELF = YES;
				CLANG_WARN_OBJC_LITERAL_CONVERSION = YES;
				CLANG_WARN_OBJC_ROOT_CLASS = YES_ERROR;
				CLANG_WARN_QUOTED_INCLUDE_IN_FRAMEWORK_HEADER = YES;
				CLANG_WARN_RANGE_LOOP_ANALYSIS = YES;
				CLANG_WARN_STRICT_PROTOTYPES = YES;
				CLANG_WARN_SUSPICIOUS_MOVE = YES;
				CLANG_WARN_UNGUARDED_AVAILABILITY = YES_AGGRESSIVE;
				CLANG_WARN_UNREACHABLE_CODE = YES;
				CLANG_WARN__DUPLICATE_METHOD_MATCH = YES;
				COPY_PHASE_STRIP = NO;
				DEBUG_INFORMATION_FORMAT = "dwarf-with-dsym";
				ENABLE_NS_ASSERTIONS = NO;
				ENABLE_STRICT_OBJC_MSGSEND = YES;
				ENABLE_USER_SCRIPT_SANDBOXING = YES;
				GCC_C_LANGUAGE_STANDARD = gnu17;
				GCC_NO_COMMON_BLOCKS = YES;
				GCC_WARN_64_TO_32_BIT_CONVERSION = YES;
				GCC_WARN_ABOUT_RETURN_TYPE = YES_ERROR;
				GCC_WARN_UNDECLARED_SELECTOR = YES;
				GCC_WARN_UNINITIALIZED_AUTOS = YES_AGGRESSIVE;
				GCC_WARN_UNUSED_FUNCTION = YES;
				GCC_WARN_UNUSED_VARIABLE = YES;
				IPHONEOS_DEPLOYMENT_TARGET = 17.0;
				LOCALIZATION_PREFERS_STRING_CATALOGS = YES;
				MTL_ENABLE_DEBUG_INFO = NO;
				MTL_FAST_MATH = YES;
				SDKROOT = iphoneos;
				SWIFT_COMPILATION_MODE = wholemodule;
				VALIDATE_PRODUCT = YES;
			};
			name = Release;
		};
		047F8E182AE28FC8009572CF /* Debug */ = {
			isa = XCBuildConfiguration;
			buildSettings = {
				ASSETCATALOG_COMPILER_APPICON_NAME = AppIcon;
				ASSETCATALOG_COMPILER_GLOBAL_ACCENT_COLOR_NAME = AccentColor;
				CODE_SIGN_STYLE = Automatic;
				CURRENT_PROJECT_VERSION = 1;
				DEVELOPMENT_ASSET_PATHS = "\"QuranApp_SwiftUI/Preview Content\"";
				DEVELOPMENT_TEAM = V2VQ3HD8ZX;
				ENABLE_PREVIEWS = YES;
				GENERATE_INFOPLIST_FILE = YES;
				INFOPLIST_KEY_UIApplicationSceneManifest_Generation = YES;
				INFOPLIST_KEY_UIApplicationSupportsIndirectInputEvents = YES;
				INFOPLIST_KEY_UILaunchScreen_Generation = YES;
				INFOPLIST_KEY_UISupportedInterfaceOrientations_iPad = "UIInterfaceOrientationPortrait UIInterfaceOrientationPortraitUpsideDown UIInterfaceOrientationLandscapeLeft UIInterfaceOrientationLandscapeRight";
				INFOPLIST_KEY_UISupportedInterfaceOrientations_iPhone = "UIInterfaceOrientationPortrait UIInterfaceOrientationLandscapeLeft UIInterfaceOrientationLandscapeRight";
				LD_RUNPATH_SEARCH_PATHS = (
					"$(inherited)",
					"@executable_path/Frameworks",
				);
				MARKETING_VERSION = 1.0;
				PRODUCT_BUNDLE_IDENTIFIER = "Intejer-academy.QuranApp-SwiftUI";
				PRODUCT_NAME = "$(TARGET_NAME)";
				SWIFT_EMIT_LOC_STRINGS = YES;
				SWIFT_VERSION = 5.0;
				TARGETED_DEVICE_FAMILY = "1,2";
			};
			name = Debug;
		};
		047F8E192AE28FC8009572CF /* Release */ = {
			isa = XCBuildConfiguration;
			buildSettings = {
				ASSETCATALOG_COMPILER_APPICON_NAME = AppIcon;
				ASSETCATALOG_COMPILER_GLOBAL_ACCENT_COLOR_NAME = AccentColor;
				CODE_SIGN_STYLE = Automatic;
				CURRENT_PROJECT_VERSION = 1;
				DEVELOPMENT_ASSET_PATHS = "\"QuranApp_SwiftUI/Preview Content\"";
				DEVELOPMENT_TEAM = V2VQ3HD8ZX;
				ENABLE_PREVIEWS = YES;
				GENERATE_INFOPLIST_FILE = YES;
				INFOPLIST_KEY_UIApplicationSceneManifest_Generation = YES;
				INFOPLIST_KEY_UIApplicationSupportsIndirectInputEvents = YES;
				INFOPLIST_KEY_UILaunchScreen_Generation = YES;
				INFOPLIST_KEY_UISupportedInterfaceOrientations_iPad = "UIInterfaceOrientationPortrait UIInterfaceOrientationPortraitUpsideDown UIInterfaceOrientationLandscapeLeft UIInterfaceOrientationLandscapeRight";
				INFOPLIST_KEY_UISupportedInterfaceOrientations_iPhone = "UIInterfaceOrientationPortrait UIInterfaceOrientationLandscapeLeft UIInterfaceOrientationLandscapeRight";
				LD_RUNPATH_SEARCH_PATHS = (
					"$(inherited)",
					"@executable_path/Frameworks",
				);
				MARKETING_VERSION = 1.0;
				PRODUCT_BUNDLE_IDENTIFIER = "Intejer-academy.QuranApp-SwiftUI";
				PRODUCT_NAME = "$(TARGET_NAME)";
				SWIFT_EMIT_LOC_STRINGS = YES;
				SWIFT_VERSION = 5.0;
				TARGETED_DEVICE_FAMILY = "1,2";
			};
			name = Release;
		};
/* End XCBuildConfiguration section */

/* Begin XCConfigurationList section */
		047F8E022AE28FC7009572CF /* Build configuration list for PBXProject "QuranApp_SwiftUI" */ = {
			isa = XCConfigurationList;
			buildConfigurations = (
				047F8E152AE28FC8009572CF /* Debug */,
				047F8E162AE28FC8009572CF /* Release */,
			);
			defaultConfigurationIsVisible = 0;
			defaultConfigurationName = Release;
		};
		047F8E172AE28FC8009572CF /* Build configuration list for PBXNativeTarget "QuranApp_SwiftUI" */ = {
			isa = XCConfigurationList;
			buildConfigurations = (
				047F8E182AE28FC8009572CF /* Debug */,
				047F8E192AE28FC8009572CF /* Release */,
			);
			defaultConfigurationIsVisible = 0;
			defaultConfigurationName = Release;
		};
/* End XCConfigurationList section */
	};
	rootObject = 047F8DFF2AE28FC7009572CF /* Project object */;
}
